
Microsoft Visual Studio Solution File, Format Version 12.00
# Visual Studio Version 17
VisualStudioVersion = 17.14.37012.4
MinimumVisualStudioVersion = 10.0.40219.1
Project("{FAE04EC0-301F-11D3-BF4B-00C04F79EFBC}") = "0201-DI0846-ATENEA.RibbonButton.Civil", "0201-DI0846-ATENEA.RibbonButton.Civil.csproj", "{5C40E114-24C1-4F41-904E-9094E3D09A96}"
EndProject
Project("{FAE04EC0-301F-11D3-BF4B-00C04F79EFBC}") = "TYPSA.SharedLibCivil", "..\..\0000-TYPSA.SharedLibCivil\TYPSA.SharedLibCivil\TYPSA.SharedLibCivil.csproj", "{755847FF-9F9B-4EF0-85F7-534D02E128A2}"
EndProject
Project("{FAE04EC0-301F-11D3-BF4B-00C04F79EFBC}") = "TYPSA.SharedLibAutocad", "..\..\0000-TYPSA.SharedLibAutocad\TYPSA.SharedLibAutocad\TYPSA.SharedLibAutocad.csproj", "{631B9318-A021-4B24-87F0-3FEC637EAE77}"
EndProject
Project("{FAE04EC0-301F-11D3-BF4B-00C04F79EFBC}") = "TYPSA.SharedLibExcel", "..\..\0000-TYPSA.SharedLibExcel\TYPSA.SharedLibExcel\TYPSA.SharedLibExcel.csproj", "{FF31B661-8CE6-420F-8720-F077B273E9C6}"
EndProject
Project("{FAE04EC0-301F-11D3-BF4B-00C04F79EFBC}") = "TYPSA.SharedLibForms", "..\..\0000-TYPSA.SharedLibForms\TYPSA.SharedLibForms\TYPSA.SharedLibForms.csproj", "{8F836313-B339-4DB6-8A55-AF61386871B4}"
EndProject
Project("{54435603-DBB4-11D2-8724-00A0C9A8B90C}") = "ATENEA.RibbonButton.Civil", "..\ATENEA.RibbonButton.Civil\ATENEA.RibbonButton.Civil.vdproj", "{196FC6F2-B6C0-65F8-1CC0-6A526DC562D0}"
EndProject
Project("{FAE04EC0-301F-11D3-BF4B-00C04F79EFBC}") = "TYPSA.SharedLibCivil_2026", "..\..\0000-TYPSA.SharedLibCivil\TYPSA.SharedLibCivil_2026\TYPSA.SharedLibCivil_2026.csproj", "{AB4F1614-CB4B-4999-A241-514678FBF573}"
EndProject
Project("{FAE04EC0-301F-11D3-BF4B-00C04F79EFBC}") = "TYPSA.SharedLibCivil_2025", "..\..\0000-TYPSA.SharedLibCivil\TYPSA.SharedLibCivil_2025\TYPSA.SharedLibCivil_2025.csproj", "{62A460EF-5668-4117-BC81-B92E31DE7DB6}"
EndProject
Project("{FAE04EC0-301F-11D3-BF4B-00C04F79EFBC}") = "TYPSA.SharedLibCivil_2024", "..\..\0000-TYPSA.SharedLibCivil\TYPSA.SharedLibCivil_2024\TYPSA.SharedLibCivil_2024.csproj", "{CAC79CF8-1906-4E3D-B542-CAC922E592AA}"
EndProject
Project("{FAE04EC0-301F-11D3-BF4B-00C04F79EFBC}") = "TYPSA.SharedLibCivil_2023", "..\..\0000-TYPSA.SharedLibCivil\TYPSA.SharedLibCivil_2023\TYPSA.SharedLibCivil_2023.csproj", "{43CD7E32-B97B-4C18-857F-8A8311AA74B8}"
EndProject
Project("{FAE04EC0-301F-11D3-BF4B-00C04F79EFBC}") = "TYPSA.SharedLibCivil_2022", "..\..\0000-TYPSA.SharedLibCivil\TYPSA.SharedLibCivil_2022\TYPSA.SharedLibCivil_2022.csproj", "{01253B33-A840-4E03-8E6F-C616F7E2E515}"
EndProject
Project("{FAE04EC0-301F-11D3-BF4B-00C04F79EFBC}") = "TYPSA.SharedLibCivil_2021", "..\..\0000-TYPSA.SharedLibCivil\TYPSA.SharedLibCivil_2021\TYPSA.SharedLibCivil_2021.csproj", "{B5A7CC07-7467-4368-8FEA-4D208F003108}"
EndProject
Project("{FAE04EC0-301F-11D3-BF4B-00C04F79EFBC}") = "TYPSA.SharedLibCivil_2020", "..\..\0000-TYPSA.SharedLibCivil\TYPSA.SharedLibCivil_2020\TYPSA.SharedLibCivil_2020.csproj", "{579662E6-9EB6-4206-8E63-B5129C134D8E}"
EndProject
Project("{FAE04EC0-301F-11D3-BF4B-00C04F79EFBC}") = "TYPSA.SharedLibEndPoints", "..\..\0000-TYPSA.SharedLibEndPoints\TYPSA.SharedLibEndPoints\TYPSA.SharedLibEndPoints.csproj", "{DB670F85-371E-4BCE-9253-F2BDD6A66DEA}"
EndProject
Project("{FAE04EC0-301F-11D3-BF4B-00C04F79EFBC}") = "TYPSA.SharedLibJson", "..\..\0000-TYPSA.SharedLibJson\TYPSA.SharedLibJson\TYPSA.SharedLibJson.csproj", "{EBC38772-93A0-4F36-97BE-D47BA2E37BDA}"
EndProject
Global
	GlobalSection(SolutionConfigurationPlatforms) = preSolution
		2020|Any CPU = 2020|Any CPU
		2021|Any CPU = 2021|Any CPU
		2022|Any CPU = 2022|Any CPU
		2023|Any CPU = 2023|Any CPU
		2024|Any CPU = 2024|Any CPU
		2025|Any CPU = 2025|Any CPU
		2026|Any CPU = 2026|Any CPU
		Debug|Any CPU = Debug|Any CPU
		Release|Any CPU = Release|Any CPU
	EndGlobalSection
	GlobalSection(ProjectConfigurationPlatforms) = postSolution
		{5C40E114-24C1-4F41-904E-9094E3D09A96}.2020|Any CPU.ActiveCfg = 2020|Any CPU
		{5C40E114-24C1-4F41-904E-9094E3D09A96}.2020|Any CPU.Build.0 = 2020|Any CPU
		{5C40E114-24C1-4F41-904E-9094E3D09A96}.2021|Any CPU.ActiveCfg = 2021|Any CPU
		{5C40E114-24C1-4F41-904E-9094E3D09A96}.2021|Any CPU.Build.0 = 2021|Any CPU
		{5C40E114-24C1-4F41-904E-9094E3D09A96}.2022|Any CPU.ActiveCfg = 2022|Any CPU
		{5C40E114-24C1-4F41-904E-9094E3D09A96}.2022|Any CPU.Build.0 = 2022|Any CPU
		{5C40E114-24C1-4F41-904E-9094E3D09A96}.2023|Any CPU.ActiveCfg = 2023|Any CPU
		{5C40E114-24C1-4F41-904E-9094E3D09A96}.2023|Any CPU.Build.0 = 2023|Any CPU
		{5C40E114-24C1-4F41-904E-9094E3D09A96}.2024|Any CPU.ActiveCfg = 2024|Any CPU
		{5C40E114-24C1-4F41-904E-9094E3D09A96}.2024|Any CPU.Build.0 = 2024|Any CPU
		{5C40E114-24C1-4F41-904E-9094E3D09A96}.2025|Any CPU.ActiveCfg = 2025|Any CPU
		{5C40E114-24C1-4F41-904E-9094E3D09A96}.2025|Any CPU.Build.0 = 2025|Any CPU
		{5C40E114-24C1-4F41-904E-9094E3D09A96}.2026|Any CPU.ActiveCfg = 2026|Any CPU
		{5C40E114-24C1-4F41-904E-9094E3D09A96}.2026|Any CPU.Build.0 = 2026|Any CPU
		{5C40E114-24C1-4F41-904E-9094E3D09A96}.Debug|Any CPU.ActiveCfg = Debug|Any CPU
		{5C40E114-24C1-4F41-904E-9094E3D09A96}.Debug|Any CPU.Build.0 = Debug|Any CPU
		{5C40E114-24C1-4F41-904E-9094E3D09A96}.Release|Any CPU.ActiveCfg = Release|Any CPU
		{5C40E114-24C1-4F41-904E-9094E3D09A96}.Release|Any CPU.Build.0 = Release|Any CPU
		{755847FF-9F9B-4EF0-85F7-534D02E128A2}.2020|Any CPU.ActiveCfg = 2020|Any CPU
		{755847FF-9F9B-4EF0-85F7-534D02E128A2}.2020|Any CPU.Build.0 = 2020|Any CPU
		{755847FF-9F9B-4EF0-85F7-534D02E128A2}.2021|Any CPU.ActiveCfg = 2021|Any CPU
		{755847FF-9F9B-4EF0-85F7-534D02E128A2}.2021|Any CPU.Build.0 = 2021|Any CPU
		{755847FF-9F9B-4EF0-85F7-534D02E128A2}.2022|Any CPU.ActiveCfg = 2022|Any CPU
		{755847FF-9F9B-4EF0-85F7-534D02E128A2}.2022|Any CPU.Build.0 = 2022|Any CPU
		{755847FF-9F9B-4EF0-85F7-534D02E128A2}.2023|Any CPU.ActiveCfg = 2023|Any CPU
		{755847FF-9F9B-4EF0-85F7-534D02E128A2}.2023|Any CPU.Build.0 = 2023|Any CPU
		{755847FF-9F9B-4EF0-85F7-534D02E128A2}.2024|Any CPU.ActiveCfg = 2024|Any CPU
		{755847FF-9F9B-4EF0-85F7-534D02E128A2}.2024|Any CPU.Build.0 = 2024|Any CPU
		{755847FF-9F9B-4EF0-85F7-534D02E128A2}.2025|Any CPU.ActiveCfg = 2025|Any CPU
		{755847FF-9F9B-4EF0-85F7-534D02E128A2}.2025|Any CPU.Build.0 = 2025|Any CPU
		{755847FF-9F9B-4EF0-85F7-534D02E128A2}.2026|Any CPU.ActiveCfg = 2026|Any CPU
		{755847FF-9F9B-4EF0-85F7-534D02E128A2}.2026|Any CPU.Build.0 = 2026|Any CPU
		{755847FF-9F9B-4EF0-85F7-534D02E128A2}.Debug|Any CPU.ActiveCfg = Debug|Any CPU
		{755847FF-9F9B-4EF0-85F7-534D02E128A2}.Debug|Any CPU.Build.0 = Debug|Any CPU
		{755847FF-9F9B-4EF0-85F7-534D02E128A2}.Release|Any CPU.ActiveCfg = Release|Any CPU
		{755847FF-9F9B-4EF0-85F7-534D02E128A2}.Release|Any CPU.Build.0 = Release|Any CPU
		{631B9318-A021-4B24-87F0-3FEC637EAE77}.2020|Any CPU.ActiveCfg = 2020|Any CPU
		{631B9318-A021-4B24-87F0-3FEC637EAE77}.2020|Any CPU.Build.0 = 2020|Any CPU
		{631B9318-A021-4B24-87F0-3FEC637EAE77}.2021|Any CPU.ActiveCfg = 2021|Any CPU
		{631B9318-A021-4B24-87F0-3FEC637EAE77}.2021|Any CPU.Build.0 = 2021|Any CPU
		{631B9318-A021-4B24-87F0-3FEC637EAE77}.2022|Any CPU.ActiveCfg = 2022|Any CPU
		{631B9318-A021-4B24-87F0-3FEC637EAE77}.2022|Any CPU.Build.0 = 2022|Any CPU
		{631B9318-A021-4B24-87F0-3FEC637EAE77}.2023|Any CPU.ActiveCfg = 2023|Any CPU
		{631B9318-A021-4B24-87F0-3FEC637EAE77}.2023|Any CPU.Build.0 = 2023|Any CPU
		{631B9318-A021-4B24-87F0-3FEC637EAE77}.2024|Any CPU.ActiveCfg = 2024|Any CPU
		{631B9318-A021-4B24-87F0-3FEC637EAE77}.2024|Any CPU.Build.0 = 2024|Any CPU
		{631B9318-A021-4B24-87F0-3FEC637EAE77}.2025|Any CPU.ActiveCfg = 2025|Any CPU
		{631B9318-A021-4B24-87F0-3FEC637EAE77}.2025|Any CPU.Build.0 = 2025|Any CPU
		{631B9318-A021-4B24-87F0-3FEC637EAE77}.2026|Any CPU.ActiveCfg = 2026|Any CPU
		{631B9318-A021-4B24-87F0-3FEC637EAE77}.2026|Any CPU.Build.0 = 2026|Any CPU
		{631B9318-A021-4B24-87F0-3FEC637EAE77}.Debug|Any CPU.ActiveCfg = Debug|Any CPU
		{631B9318-A021-4B24-87F0-3FEC637EAE77}.Debug|Any CPU.Build.0 = Debug|Any CPU
		{631B9318-A021-4B24-87F0-3FEC637EAE77}.Release|Any CPU.ActiveCfg = Release|Any CPU
		{631B9318-A021-4B24-87F0-3FEC637EAE77}.Release|Any CPU.Build.0 = Release|Any CPU
		{FF31B661-8CE6-420F-8720-F077B273E9C6}.2020|Any CPU.ActiveCfg = 2020|Any CPU
		{FF31B661-8CE6-420F-8720-F077B273E9C6}.2020|Any CPU.Build.0 = 2020|Any CPU
		{FF31B661-8CE6-420F-8720-F077B273E9C6}.2021|Any CPU.ActiveCfg = 2021|Any CPU
		{FF31B661-8CE6-420F-8720-F077B273E9C6}.2021|Any CPU.Build.0 = 2021|Any CPU
		{FF31B661-8CE6-420F-8720-F077B273E9C6}.2022|Any CPU.ActiveCfg = 2022|Any CPU
		{FF31B661-8CE6-420F-8720-F077B273E9C6}.2022|Any CPU.Build.0 = 2022|Any CPU
		{FF31B661-8CE6-420F-8720-F077B273E9C6}.2023|Any CPU.ActiveCfg = 2023|Any CPU
		{FF31B661-8CE6-420F-8720-F077B273E9C6}.2023|Any CPU.Build.0 = 2023|Any CPU
		{FF31B661-8CE6-420F-8720-F077B273E9C6}.2024|Any CPU.ActiveCfg = 2024|Any CPU
		{FF31B661-8CE6-420F-8720-F077B273E9C6}.2024|Any CPU.Build.0 = 2024|Any CPU
		{FF31B661-8CE6-420F-8720-F077B273E9C6}.2025|Any CPU.ActiveCfg = 2025|Any CPU
		{FF31B661-8CE6-420F-8720-F077B273E9C6}.2025|Any CPU.Build.0 = 2025|Any CPU
		{FF31B661-8CE6-420F-8720-F077B273E9C6}.2026|Any CPU.ActiveCfg = 2026|Any CPU
		{FF31B661-8CE6-420F-8720-F077B273E9C6}.2026|Any CPU.Build.0 = 2026|Any CPU
		{FF31B661-8CE6-420F-8720-F077B273E9C6}.Debug|Any CPU.ActiveCfg = Debug|Any CPU
		{FF31B661-8CE6-420F-8720-F077B273E9C6}.Debug|Any CPU.Build.0 = Debug|Any CPU
		{FF31B661-8CE6-420F-8720-F077B273E9C6}.Release|Any CPU.ActiveCfg = Release|Any CPU
		{FF31B661-8CE6-420F-8720-F077B273E9C6}.Release|Any CPU.Build.0 = Release|Any CPU
		{8F836313-B339-4DB6-8A55-AF61386871B4}.2020|Any CPU.ActiveCfg = 2020|Any CPU
		{8F836313-B339-4DB6-8A55-AF61386871B4}.2020|Any CPU.Build.0 = 2020|Any CPU
		{8F836313-B339-4DB6-8A55-AF61386871B4}.2021|Any CPU.ActiveCfg = 2021|Any CPU
		{8F836313-B339-4DB6-8A55-AF61386871B4}.2021|Any CPU.Build.0 = 2021|Any CPU
		{8F836313-B339-4DB6-8A55-AF61386871B4}.2022|Any CPU.ActiveCfg = 2022|Any CPU
		{8F836313-B339-4DB6-8A55-AF61386871B4}.2022|Any CPU.Build.0 = 2022|Any CPU
		{8F836313-B339-4DB6-8A55-AF61386871B4}.2023|Any CPU.ActiveCfg = 2023|Any CPU
		{8F836313-B339-4DB6-8A55-AF61386871B4}.2023|Any CPU.Build.0 = 2023|Any CPU
		{8F836313-B339-4DB6-8A55-AF61386871B4}.2024|Any CPU.ActiveCfg = 2024|Any CPU
		{8F836313-B339-4DB6-8A55-AF61386871B4}.2024|Any CPU.Build.0 = 2024|Any CPU
		{8F836313-B339-4DB6-8A55-AF61386871B4}.2025|Any CPU.ActiveCfg = 2025|Any CPU
		{8F836313-B339-4DB6-8A55-AF61386871B4}.2025|Any CPU.Build.0 = 2025|Any CPU
		{8F836313-B339-4DB6-8A55-AF61386871B4}.2026|Any CPU.ActiveCfg = 2026|Any CPU
		{8F836313-B339-4DB6-8A55-AF61386871B4}.2026|Any CPU.Build.0 = 2026|Any CPU
		{8F836313-B339-4DB6-8A55-AF61386871B4}.Debug|Any CPU.ActiveCfg = Debug|Any CPU
		{8F836313-B339-4DB6-8A55-AF61386871B4}.Debug|Any CPU.Build.0 = Debug|Any CPU
		{8F836313-B339-4DB6-8A55-AF61386871B4}.Release|Any CPU.ActiveCfg = Release|Any CPU
		{8F836313-B339-4DB6-8A55-AF61386871B4}.Release|Any CPU.Build.0 = Release|Any CPU
		{196FC6F2-B6C0-65F8-1CC0-6A526DC562D0}.2020|Any CPU.ActiveCfg = 2020
		{196FC6F2-B6C0-65F8-1CC0-6A526DC562D0}.2021|Any CPU.ActiveCfg = 2021
		{196FC6F2-B6C0-65F8-1CC0-6A526DC562D0}.2022|Any CPU.ActiveCfg = 2022
		{196FC6F2-B6C0-65F8-1CC0-6A526DC562D0}.2023|Any CPU.ActiveCfg = 2023
		{196FC6F2-B6C0-65F8-1CC0-6A526DC562D0}.2024|Any CPU.ActiveCfg = 2024
		{196FC6F2-B6C0-65F8-1CC0-6A526DC562D0}.2025|Any CPU.ActiveCfg = 2025
		{196FC6F2-B6C0-65F8-1CC0-6A526DC562D0}.2026|Any CPU.ActiveCfg = 2026
		{196FC6F2-B6C0-65F8-1CC0-6A526DC562D0}.Debug|Any CPU.ActiveCfg = Debug
		{196FC6F2-B6C0-65F8-1CC0-6A526DC562D0}.Release|Any CPU.ActiveCfg = Release
		{AB4F1614-CB4B-4999-A241-514678FBF573}.2020|Any CPU.ActiveCfg = 2020|Any CPU
		{AB4F1614-CB4B-4999-A241-514678FBF573}.2020|Any CPU.Build.0 = 2020|Any CPU
		{AB4F1614-CB4B-4999-A241-514678FBF573}.2021|Any CPU.ActiveCfg = 2021|Any CPU
		{AB4F1614-CB4B-4999-A241-514678FBF573}.2021|Any CPU.Build.0 = 2021|Any CPU
		{AB4F1614-CB4B-4999-A241-514678FBF573}.2022|Any CPU.ActiveCfg = 2022|Any CPU
		{AB4F1614-CB4B-4999-A241-514678FBF573}.2022|Any CPU.Build.0 = 2022|Any CPU
		{AB4F1614-CB4B-4999-A241-514678FBF573}.2023|Any CPU.ActiveCfg = 2023|Any CPU
		{AB4F1614-CB4B-4999-A241-514678FBF573}.2023|Any CPU.Build.0 = 2023|Any CPU
		{AB4F1614-CB4B-4999-A241-514678FBF573}.2024|Any CPU.ActiveCfg = 2024|Any CPU
		{AB4F1614-CB4B-4999-A241-514678FBF573}.2024|Any CPU.Build.0 = 2024|Any CPU
		{AB4F1614-CB4B-4999-A241-514678FBF573}.2025|Any CPU.ActiveCfg = 2025|Any CPU
		{AB4F1614-CB4B-4999-A241-514678FBF573}.2025|Any CPU.Build.0 = 2025|Any CPU
		{AB4F1614-CB4B-4999-A241-514678FBF573}.2026|Any CPU.ActiveCfg = 2026|Any CPU
		{AB4F1614-CB4B-4999-A241-514678FBF573}.2026|Any CPU.Build.0 = 2026|Any CPU
		{AB4F1614-CB4B-4999-A241-514678FBF573}.Debug|Any CPU.ActiveCfg = Debug|Any CPU
		{AB4F1614-CB4B-4999-A241-514678FBF573}.Debug|Any CPU.Build.0 = Debug|Any CPU
		{AB4F1614-CB4B-4999-A241-514678FBF573}.Release|Any CPU.ActiveCfg = Release|Any CPU
		{AB4F1614-CB4B-4999-A241-514678FBF573}.Release|Any CPU.Build.0 = Release|Any CPU
		{62A460EF-5668-4117-BC81-B92E31DE7DB6}.2020|Any CPU.ActiveCfg = Debug|Any CPU
		{62A460EF-5668-4117-BC81-B92E31DE7DB6}.2020|Any CPU.Build.0 = Debug|Any CPU
		{62A460EF-5668-4117-BC81-B92E31DE7DB6}.2021|Any CPU.ActiveCfg = Debug|Any CPU
		{62A460EF-5668-4117-BC81-B92E31DE7DB6}.2021|Any CPU.Build.0 = Debug|Any CPU
		{62A460EF-5668-4117-BC81-B92E31DE7DB6}.2022|Any CPU.ActiveCfg = Debug|Any CPU
		{62A460EF-5668-4117-BC81-B92E31DE7DB6}.2022|Any CPU.Build.0 = Debug|Any CPU
		{62A460EF-5668-4117-BC81-B92E31DE7DB6}.2023|Any CPU.ActiveCfg = Debug|Any CPU
		{62A460EF-5668-4117-BC81-B92E31DE7DB6}.2023|Any CPU.Build.0 = Debug|Any CPU
		{62A460EF-5668-4117-BC81-B92E31DE7DB6}.2024|Any CPU.ActiveCfg = Debug|Any CPU
		{62A460EF-5668-4117-BC81-B92E31DE7DB6}.2024|Any CPU.Build.0 = Debug|Any CPU
		{62A460EF-5668-4117-BC81-B92E31DE7DB6}.2025|Any CPU.ActiveCfg = Debug|Any CPU
		{62A460EF-5668-4117-BC81-B92E31DE7DB6}.2025|Any CPU.Build.0 = Debug|Any CPU
		{62A460EF-5668-4117-BC81-B92E31DE7DB6}.2026|Any CPU.ActiveCfg = Debug|Any CPU
		{62A460EF-5668-4117-BC81-B92E31DE7DB6}.2026|Any CPU.Build.0 = Debug|Any CPU
		{62A460EF-5668-4117-BC81-B92E31DE7DB6}.Debug|Any CPU.ActiveCfg = Debug|Any CPU
		{62A460EF-5668-4117-BC81-B92E31DE7DB6}.Debug|Any CPU.Build.0 = Debug|Any CPU
		{62A460EF-5668-4117-BC81-B92E31DE7DB6}.Release|Any CPU.ActiveCfg = Release|Any CPU
		{62A460EF-5668-4117-BC81-B92E31DE7DB6}.Release|Any CPU.Build.0 = Release|Any CPU
		{CAC79CF8-1906-4E3D-B542-CAC922E592AA}.2020|Any CPU.ActiveCfg = Debug|Any CPU
		{CAC79CF8-1906-4E3D-B542-CAC922E592AA}.2020|Any CPU.Build.0 = Debug|Any CPU
		{CAC79CF8-1906-4E3D-B542-CAC922E592AA}.2021|Any CPU.ActiveCfg = Debug|Any CPU
		{CAC79CF8-1906-4E3D-B542-CAC922E592AA}.2021|Any CPU.Build.0 = Debug|Any CPU
		{CAC79CF8-1906-4E3D-B542-CAC922E592AA}.2022|Any CPU.ActiveCfg = Debug|Any CPU
		{CAC79CF8-1906-4E3D-B542-CAC922E592AA}.2022|Any CPU.Build.0 = Debug|Any CPU
		{CAC79CF8-1906-4E3D-B542-CAC922E592AA}.2023|Any CPU.ActiveCfg = Debug|Any CPU
		{CAC79CF8-1906-4E3D-B542-CAC922E592AA}.2023|Any CPU.Build.0 = Debug|Any CPU
		{CAC79CF8-1906-4E3D-B542-CAC922E592AA}.2024|Any CPU.ActiveCfg = Debug|Any CPU
		{CAC79CF8-1906-4E3D-B542-CAC922E592AA}.2024|Any CPU.Build.0 = Debug|Any CPU
		{CAC79CF8-1906-4E3D-B542-CAC922E592AA}.2025|Any CPU.ActiveCfg = Debug|Any CPU
		{CAC79CF8-1906-4E3D-B542-CAC922E592AA}.2025|Any CPU.Build.0 = Debug|Any CPU
		{CAC79CF8-1906-4E3D-B542-CAC922E592AA}.2026|Any CPU.ActiveCfg = Debug|Any CPU
		{CAC79CF8-1906-4E3D-B542-CAC922E592AA}.2026|Any CPU.Build.0 = Debug|Any CPU
		{CAC79CF8-1906-4E3D-B542-CAC922E592AA}.Debug|Any CPU.ActiveCfg = Debug|Any CPU
		{CAC79CF8-1906-4E3D-B542-CAC922E592AA}.Debug|Any CPU.Build.0 = Debug|Any CPU
		{CAC79CF8-1906-4E3D-B542-CAC922E592AA}.Release|Any CPU.ActiveCfg = Release|Any CPU
		{CAC79CF8-1906-4E3D-B542-CAC922E592AA}.Release|Any CPU.Build.0 = Release|Any CPU
		{43CD7E32-B97B-4C18-857F-8A8311AA74B8}.2020|Any CPU.ActiveCfg = Debug|Any CPU
		{43CD7E32-B97B-4C18-857F-8A8311AA74B8}.2020|Any CPU.Build.0 = Debug|Any CPU
		{43CD7E32-B97B-4C18-857F-8A8311AA74B8}.2021|Any CPU.ActiveCfg = Debug|Any CPU
		{43CD7E32-B97B-4C18-857F-8A8311AA74B8}.2021|Any CPU.Build.0 = Debug|Any CPU
		{43CD7E32-B97B-4C18-857F-8A8311AA74B8}.2022|Any CPU.ActiveCfg = Debug|Any CPU
		{43CD7E32-B97B-4C18-857F-8A8311AA74B8}.2022|Any CPU.Build.0 = Debug|Any CPU
		{43CD7E32-B97B-4C18-857F-8A8311AA74B8}.2023|Any CPU.ActiveCfg = Debug|Any CPU
		{43CD7E32-B97B-4C18-857F-8A8311AA74B8}.2023|Any CPU.Build.0 = Debug|Any CPU
		{43CD7E32-B97B-4C18-857F-8A8311AA74B8}.2024|Any CPU.ActiveCfg = Debug|Any CPU
		{43CD7E32-B97B-4C18-857F-8A8311AA74B8}.2024|Any CPU.Build.0 = Debug|Any CPU
		{43CD7E32-B97B-4C18-857F-8A8311AA74B8}.2025|Any CPU.ActiveCfg = Debug|Any CPU
		{43CD7E32-B97B-4C18-857F-8A8311AA74B8}.2025|Any CPU.Build.0 = Debug|Any CPU
		{43CD7E32-B97B-4C18-857F-8A8311AA74B8}.2026|Any CPU.ActiveCfg = Debug|Any CPU
		{43CD7E32-B97B-4C18-857F-8A8311AA74B8}.2026|Any CPU.Build.0 = Debug|Any CPU
		{43CD7E32-B97B-4C18-857F-8A8311AA74B8}.Debug|Any CPU.ActiveCfg = Debug|Any CPU
		{43CD7E32-B97B-4C18-857F-8A8311AA74B8}.Debug|Any CPU.Build.0 = Debug|Any CPU
		{43CD7E32-B97B-4C18-857F-8A8311AA74B8}.Release|Any CPU.ActiveCfg = Release|Any CPU
		{43CD7E32-B97B-4C18-857F-8A8311AA74B8}.Release|Any CPU.Build.0 = Release|Any CPU
		{01253B33-A840-4E03-8E6F-C616F7E2E515}.2020|Any CPU.ActiveCfg = Debug|Any CPU
		{01253B33-A840-4E03-8E6F-C616F7E2E515}.2020|Any CPU.Build.0 = Debug|Any CPU
		{01253B33-A840-4E03-8E6F-C616F7E2E515}.2021|Any CPU.ActiveCfg = Debug|Any CPU
		{01253B33-A840-4E03-8E6F-C616F7E2E515}.2021|Any CPU.Build.0 = Debug|Any CPU
		{01253B33-A840-4E03-8E6F-C616F7E2E515}.2022|Any CPU.ActiveCfg = Debug|Any CPU
		{01253B33-A840-4E03-8E6F-C616F7E2E515}.2022|Any CPU.Build.0 = Debug|Any CPU
		{01253B33-A840-4E03-8E6F-C616F7E2E515}.2023|Any CPU.ActiveCfg = Debug|Any CPU
		{01253B33-A840-4E03-8E6F-C616F7E2E515}.2023|Any CPU.Build.0 = Debug|Any CPU
		{01253B33-A840-4E03-8E6F-C616F7E2E515}.2024|Any CPU.ActiveCfg = Debug|Any CPU
		{01253B33-A840-4E03-8E6F-C616F7E2E515}.2024|Any CPU.Build.0 = Debug|Any CPU
		{01253B33-A840-4E03-8E6F-C616F7E2E515}.2025|Any CPU.ActiveCfg = Debug|Any CPU
		{01253B33-A840-4E03-8E6F-C616F7E2E515}.2025|Any CPU.Build.0 = Debug|Any CPU
		{01253B33-A840-4E03-8E6F-C616F7E2E515}.2026|Any CPU.ActiveCfg = Debug|Any CPU
		{01253B33-A840-4E03-8E6F-C616F7E2E515}.2026|Any CPU.Build.0 = Debug|Any CPU
		{01253B33-A840-4E03-8E6F-C616F7E2E515}.Debug|Any CPU.ActiveCfg = Debug|Any CPU
		{01253B33-A840-4E03-8E6F-C616F7E2E515}.Debug|Any CPU.Build.0 = Debug|Any CPU
		{01253B33-A840-4E03-8E6F-C616F7E2E515}.Release|Any CPU.ActiveCfg = Release|Any CPU
		{01253B33-A840-4E03-8E6F-C616F7E2E515}.Release|Any CPU.Build.0 = Release|Any CPU
		{B5A7CC07-7467-4368-8FEA-4D208F003108}.2020|Any CPU.ActiveCfg = Debug|Any CPU
		{B5A7CC07-7467-4368-8FEA-4D208F003108}.2020|Any CPU.Build.0 = Debug|Any CPU
		{B5A7CC07-7467-4368-8FEA-4D208F003108}.2021|Any CPU.ActiveCfg = Debug|Any CPU
		{B5A7CC07-7467-4368-8FEA-4D208F003108}.2021|Any CPU.Build.0 = Debug|Any CPU
		{B5A7CC07-7467-4368-8FEA-4D208F003108}.2022|Any CPU.ActiveCfg = Debug|Any CPU
		{B5A7CC07-7467-4368-8FEA-4D208F003108}.2022|Any CPU.Build.0 = Debug|Any CPU
		{B5A7CC07-7467-4368-8FEA-4D208F003108}.2023|Any CPU.ActiveCfg = Debug|Any CPU
		{B5A7CC07-7467-4368-8FEA-4D208F003108}.2023|Any CPU.Build.0 = Debug|Any CPU
		{B5A7CC07-7467-4368-8FEA-4D208F003108}.2024|Any CPU.ActiveCfg = Debug|Any CPU
		{B5A7CC07-7467-4368-8FEA-4D208F003108}.2024|Any CPU.Build.0 = Debug|Any CPU
		{B5A7CC07-7467-4368-8FEA-4D208F003108}.2025|Any CPU.ActiveCfg = Debug|Any CPU
		{B5A7CC07-7467-4368-8FEA-4D208F003108}.2025|Any CPU.Build.0 = Debug|Any CPU
		{B5A7CC07-7467-4368-8FEA-4D208F003108}.2026|Any CPU.ActiveCfg = Debug|Any CPU
		{B5A7CC07-7467-4368-8FEA-4D208F003108}.2026|Any CPU.Build.0 = Debug|Any CPU
		{B5A7CC07-7467-4368-8FEA-4D208F003108}.Debug|Any CPU.ActiveCfg = Debug|Any CPU
		{B5A7CC07-7467-4368-8FEA-4D208F003108}.Debug|Any CPU.Build.0 = Debug|Any CPU
		{B5A7CC07-7467-4368-8FEA-4D208F003108}.Release|Any CPU.ActiveCfg = Release|Any CPU
		{B5A7CC07-7467-4368-8FEA-4D208F003108}.Release|Any CPU.Build.0 = Release|Any CPU
		{579662E6-9EB6-4206-8E63-B5129C134D8E}.2020|Any CPU.ActiveCfg = Debug|Any CPU
		{579662E6-9EB6-4206-8E63-B5129C134D8E}.2020|Any CPU.Build.0 = Debug|Any CPU
		{579662E6-9EB6-4206-8E63-B5129C134D8E}.2021|Any CPU.ActiveCfg = Debug|Any CPU
		{579662E6-9EB6-4206-8E63-B5129C134D8E}.2021|Any CPU.Build.0 = Debug|Any CPU
		{579662E6-9EB6-4206-8E63-B5129C134D8E}.2022|Any CPU.ActiveCfg = Debug|Any CPU
		{579662E6-9EB6-4206-8E63-B5129C134D8E}.2022|Any CPU.Build.0 = Debug|Any CPU
		{579662E6-9EB6-4206-8E63-B5129C134D8E}.2023|Any CPU.ActiveCfg = Debug|Any CPU
		{579662E6-9EB6-4206-8E63-B5129C134D8E}.2023|Any CPU.Build.0 = Debug|Any CPU
		{579662E6-9EB6-4206-8E63-B5129C134D8E}.2024|Any CPU.ActiveCfg = Debug|Any CPU
		{579662E6-9EB6-4206-8E63-B5129C134D8E}.2024|Any CPU.Build.0 = Debug|Any CPU
		{579662E6-9EB6-4206-8E63-B5129C134D8E}.2025|Any CPU.ActiveCfg = Debug|Any CPU
		{579662E6-9EB6-4206-8E63-B5129C134D8E}.2025|Any CPU.Build.0 = Debug|Any CPU
		{579662E6-9EB6-4206-8E63-B5129C134D8E}.2026|Any CPU.ActiveCfg = Debug|Any CPU
		{579662E6-9EB6-4206-8E63-B5129C134D8E}.2026|Any CPU.Build.0 = Debug|Any CPU
		{579662E6-9EB6-4206-8E63-B5129C134D8E}.Debug|Any CPU.ActiveCfg = Debug|Any CPU
		{579662E6-9EB6-4206-8E63-B5129C134D8E}.Debug|Any CPU.Build.0 = Debug|Any CPU
		{579662E6-9EB6-4206-8E63-B5129C134D8E}.Release|Any CPU.ActiveCfg = Release|Any CPU
		{579662E6-9EB6-4206-8E63-B5129C134D8E}.Release|Any CPU.Build.0 = Release|Any CPU
		{DB670F85-371E-4BCE-9253-F2BDD6A66DEA}.2020|Any CPU.ActiveCfg = Debug|Any CPU
		{DB670F85-371E-4BCE-9253-F2BDD6A66DEA}.2020|Any CPU.Build.0 = Debug|Any CPU
		{DB670F85-371E-4BCE-9253-F2BDD6A66DEA}.2021|Any CPU.ActiveCfg = Debug|Any CPU
		{DB670F85-371E-4BCE-9253-F2BDD6A66DEA}.2021|Any CPU.Build.0 = Debug|Any CPU
		{DB670F85-371E-4BCE-9253-F2BDD6A66DEA}.2022|Any CPU.ActiveCfg = Debug|Any CPU
		{DB670F85-371E-4BCE-9253-F2BDD6A66DEA}.2022|Any CPU.Build.0 = Debug|Any CPU
		{DB670F85-371E-4BCE-9253-F2BDD6A66DEA}.2023|Any CPU.ActiveCfg = Debug|Any CPU
		{DB670F85-371E-4BCE-9253-F2BDD6A66DEA}.2023|Any CPU.Build.0 = Debug|Any CPU
		{DB670F85-371E-4BCE-9253-F2BDD6A66DEA}.2024|Any CPU.ActiveCfg = Debug|Any CPU
		{DB670F85-371E-4BCE-9253-F2BDD6A66DEA}.2024|Any CPU.Build.0 = Debug|Any CPU
		{DB670F85-371E-4BCE-9253-F2BDD6A66DEA}.2025|Any CPU.ActiveCfg = Debug|Any CPU
		{DB670F85-371E-4BCE-9253-F2BDD6A66DEA}.2025|Any CPU.Build.0 = Debug|Any CPU
		{DB670F85-371E-4BCE-9253-F2BDD6A66DEA}.2026|Any CPU.ActiveCfg = Debug|Any CPU
		{DB670F85-371E-4BCE-9253-F2BDD6A66DEA}.2026|Any CPU.Build.0 = Debug|Any CPU
		{DB670F85-371E-4BCE-9253-F2BDD6A66DEA}.Debug|Any CPU.ActiveCfg = Debug|Any CPU
		{DB670F85-371E-4BCE-9253-F2BDD6A66DEA}.Debug|Any CPU.Build.0 = Debug|Any CPU
		{DB670F85-371E-4BCE-9253-F2BDD6A66DEA}.Release|Any CPU.ActiveCfg = Release|Any CPU
		{DB670F85-371E-4BCE-9253-F2BDD6A66DEA}.Release|Any CPU.Build.0 = Release|Any CPU
		{EBC38772-93A0-4F36-97BE-D47BA2E37BDA}.2020|Any CPU.ActiveCfg = Debug|Any CPU
		{EBC38772-93A0-4F36-97BE-D47BA2E37BDA}.2020|Any CPU.Build.0 = Debug|Any CPU
		{EBC38772-93A0-4F36-97BE-D47BA2E37BDA}.2021|Any CPU.ActiveCfg = Debug|Any CPU
		{EBC38772-93A0-4F36-97BE-D47BA2E37BDA}.2021|Any CPU.Build.0 = Debug|Any CPU
		{EBC38772-93A0-4F36-97BE-D47BA2E37BDA}.2022|Any CPU.ActiveCfg = Debug|Any CPU
		{EBC38772-93A0-4F36-97BE-D47BA2E37BDA}.2022|Any CPU.Build.0 = Debug|Any CPU
		{EBC38772-93A0-4F36-97BE-D47BA2E37BDA}.2023|Any CPU.ActiveCfg = Debug|Any CPU
		{EBC38772-93A0-4F36-97BE-D47BA2E37BDA}.2023|Any CPU.Build.0 = Debug|Any CPU
		{EBC38772-93A0-4F36-97BE-D47BA2E37BDA}.2024|Any CPU.ActiveCfg = Debug|Any CPU
		{EBC38772-93A0-4F36-97BE-D47BA2E37BDA}.2024|Any CPU.Build.0 = Debug|Any CPU
		{EBC38772-93A0-4F36-97BE-D47BA2E37BDA}.2025|Any CPU.ActiveCfg = Debug|Any CPU
		{EBC38772-93A0-4F36-97BE-D47BA2E37BDA}.2025|Any CPU.Build.0 = Debug|Any CPU
		{EBC38772-93A0-4F36-97BE-D47BA2E37BDA}.2026|Any CPU.ActiveCfg = Debug|Any CPU
		{EBC38772-93A0-4F36-97BE-D47BA2E37BDA}.2026|Any CPU.Build.0 = Debug|Any CPU
		{EBC38772-93A0-4F36-97BE-D47BA2E37BDA}.Debug|Any CPU.ActiveCfg = Debug|Any CPU
		{EBC38772-93A0-4F36-97BE-D47BA2E37BDA}.Debug|Any CPU.Build.0 = Debug|Any CPU
		{EBC38772-93A0-4F36-97BE-D47BA2E37BDA}.Release|Any CPU.ActiveCfg = Release|Any CPU
		{EBC38772-93A0-4F36-97BE-D47BA2E37BDA}.Release|Any CPU.Build.0 = Release|Any CPU
	EndGlobalSection
	GlobalSection(SolutionProperties) = preSolution
		HideSolutionNode = FALSE
	EndGlobalSection
	GlobalSection(ExtensibilityGlobals) = postSolution
		SolutionGuid = {FF4AC644-0709-4A61-8B4C-21FA61D19AFD}
	EndGlobalSection
EndGlobal
