
Microsoft Visual Studio Solution File, Format Version 12.00
# Visual Studio Version 18
VisualStudioVersion = 18.10.12201.205
MinimumVisualStudioVersion = 10.0.40219.1
Project("{FAE04EC0-301F-11D3-BF4B-00C04F79EFBC}") = "0201-DI0846-ATENEA.RibbonButton.Civil.Net48", "0201-DI0846-ATENEA.RibbonButton.Civil.Net48.csproj", "{5C40E114-24C1-4F41-904E-9094E3D09A96}"
EndProject
Project("{FAE04EC0-301F-11D3-BF4B-00C04F79EFBC}") = "TYPSA.SharedLibJson", "..\..\0000-TYPSA.SharedLib\0000-TYPSA.SharedLibJson\TYPSA.SharedLibJson\TYPSA.SharedLibJson.csproj", "{EBC38772-93A0-4F36-97BE-D47BA2E37BDA}"
EndProject
Project("{FAE04EC0-301F-11D3-BF4B-00C04F79EFBC}") = "TYPSA.SharedLibForms", "..\..\0000-TYPSA.SharedLib\0000-TYPSA.SharedLibForms\TYPSA.SharedLibForms\TYPSA.SharedLibForms.csproj", "{8F836313-B339-4DB6-8A55-AF61386871B4}"
EndProject
Project("{FAE04EC0-301F-11D3-BF4B-00C04F79EFBC}") = "TYPSA.SharedLibExcel", "..\..\0000-TYPSA.SharedLib\0000-TYPSA.SharedLibExcel\TYPSA.SharedLibExcel\TYPSA.SharedLibExcel.csproj", "{FF31B661-8CE6-420F-8720-F077B273E9C6}"
EndProject
Project("{FAE04EC0-301F-11D3-BF4B-00C04F79EFBC}") = "TYPSA.SharedLibAutocad", "..\..\0000-TYPSA.SharedLib\0000-TYPSA.SharedLibAutocad\TYPSA.SharedLibAutocad\TYPSA.SharedLibAutocad.csproj", "{631B9318-A021-4B24-87F0-3FEC637EAE77}"
EndProject
Project("{FAE04EC0-301F-11D3-BF4B-00C04F79EFBC}") = "TYPSA.SharedLibCivil", "..\..\0000-TYPSA.SharedLib\0000-TYPSA.SharedLibCivil\TYPSA.SharedLibCivil\TYPSA.SharedLibCivil.csproj", "{755847FF-9F9B-4EF0-85F7-534D02E128A2}"
EndProject
Project("{FAE04EC0-301F-11D3-BF4B-00C04F79EFBC}") = "TYPSA.SharedLibEndPoints", "..\..\0000-TYPSA.SharedLib\0000-TYPSA.SharedLibEndPoints\TYPSA.SharedLibEndPoints\TYPSA.SharedLibEndPoints.csproj", "{DB670F85-371E-4BCE-9253-F2BDD6A66DEA}"
EndProject
Project("{FAE04EC0-301F-11D3-BF4B-00C04F79EFBC}") = "TYPSA.SharedLibCivil_2020", "..\..\0000-TYPSA.SharedLib\0000-TYPSA.SharedLibCivil\TYPSA.SharedLibCivil_2020\TYPSA.SharedLibCivil_2020.csproj", "{579662E6-9EB6-4206-8E63-B5129C134D8E}"
EndProject
Project("{FAE04EC0-301F-11D3-BF4B-00C04F79EFBC}") = "TYPSA.SharedLibCivil_2021", "..\..\0000-TYPSA.SharedLib\0000-TYPSA.SharedLibCivil\TYPSA.SharedLibCivil_2021\TYPSA.SharedLibCivil_2021.csproj", "{B5A7CC07-7467-4368-8FEA-4D208F003108}"
EndProject
Project("{FAE04EC0-301F-11D3-BF4B-00C04F79EFBC}") = "TYPSA.SharedLibCivil_2023", "..\..\0000-TYPSA.SharedLib\0000-TYPSA.SharedLibCivil\TYPSA.SharedLibCivil_2023\TYPSA.SharedLibCivil_2023.csproj", "{43CD7E32-B97B-4C18-857F-8A8311AA74B8}"
EndProject
Project("{FAE04EC0-301F-11D3-BF4B-00C04F79EFBC}") = "TYPSA.SharedLibCivil_2025", "..\..\0000-TYPSA.SharedLib\0000-TYPSA.SharedLibCivil\TYPSA.SharedLibCivil_2025\TYPSA.SharedLibCivil_2025.csproj", "{62A460EF-5668-4117-BC81-B92E31DE7DB6}"
EndProject
Project("{FAE04EC0-301F-11D3-BF4B-00C04F79EFBC}") = "TYPSA.SharedLibSSO", "..\..\0000-TYPSA.SharedLib\0000-TYPSA.SharedLibSSO\src\Typsa.Sso.Client\TYPSA.SharedLibSSO.csproj", "{80066AF0-DF2F-5494-401D-98F2BFAD4194}"
EndProject
Project("{FAE04EC0-301F-11D3-BF4B-00C04F79EFBC}") = "TYPSA.SharedLibCivil_2022", "..\..\0000-TYPSA.SharedLib\0000-TYPSA.SharedLibCivil\TYPSA.SharedLibCivil_2022\TYPSA.SharedLibCivil_2022.csproj", "{01253B33-A840-4E03-8E6F-C616F7E2E515}"
EndProject
Project("{FAE04EC0-301F-11D3-BF4B-00C04F79EFBC}") = "TYPSA.SharedLibCivil_2024", "..\..\0000-TYPSA.SharedLib\0000-TYPSA.SharedLibCivil\TYPSA.SharedLibCivil_2024\TYPSA.SharedLibCivil_2024.csproj", "{CAC79CF8-1906-4E3D-B542-CAC922E592AA}"
EndProject
Project("{FAE04EC0-301F-11D3-BF4B-00C04F79EFBC}") = "0201-DI0846-ATENEA.RibbonButton.Civil", "..\0201-DI0846-ATENEA.RibbonButton.Civil\0201-DI0846-ATENEA.RibbonButton.Civil.csproj", "{EB1FDDC9-F7DF-4453-B518-52F2E28B1514}"
EndProject
Project("{54435603-DBB4-11D2-8724-00A0C9A8B90C}") = "0201-DI0846-ATENEA.Setup.Civil.Net48", "..\0201-DI0846-ATENEA.Setup.Civil.Net48\0201-DI0846-ATENEA.Setup.Civil.Net48.vdproj", "{8BC0D0C3-0C4D-D14E-88DD-61D6EE090EB6}"
EndProject
Project("{2150E333-8FDC-42A3-9474-1A3956D46DE8}") = "Elementos de la solución", "Elementos de la solución", "{90B45AA9-F927-4ACE-81E2-81936C94E0D8}"
	ProjectSection(SolutionItems) = preProject
		..\Installer\PackageContents.xml = ..\Installer\PackageContents.xml
	EndProjectSection
EndProject
Project("{54435603-DBB4-11D2-8724-00A0C9A8B90C}") = "TYPSA.ATENEA.Civil.2024", "..\TYPSA.ATENEA.Civil.2024\TYPSA.ATENEA.Civil.2024.vdproj", "{22465163-E3E7-EE41-93E5-A3DB7EA37C3D}"
EndProject
Project("{54435603-DBB4-11D2-8724-00A0C9A8B90C}") = "TYPSA.ATENEA.Civil.2020", "..\TYPSA.ATENEA.Civil.2020\TYPSA.ATENEA.Civil.2020.vdproj", "{6ED61208-A3BB-A9E1-77BD-3E2072AE4BBA}"
EndProject
Project("{54435603-DBB4-11D2-8724-00A0C9A8B90C}") = "TYPSA.ATENEA.Civil.2021", "..\TYPSA.ATENEA.Civil.2021\TYPSA.ATENEA.Civil.2021.vdproj", "{1F7636EC-5221-C6B9-6E34-8F17B72A101E}"
EndProject
Project("{54435603-DBB4-11D2-8724-00A0C9A8B90C}") = "TYPSA.ATENEA.Civil.2022", "..\TYPSA.ATENEA.Civil.2022\TYPSA.ATENEA.Civil.2022.vdproj", "{961612E5-D07F-FC70-70A2-FE45B9E7328E}"
EndProject
Project("{54435603-DBB4-11D2-8724-00A0C9A8B90C}") = "TYPSA.ATENEA.Civil.2023", "..\TYPSA.ATENEA.Civil.2023\TYPSA.ATENEA.Civil.2023.vdproj", "{606EC845-E1ED-541F-6707-A4CD1AAE3F5F}"
EndProject
Project("{54435603-DBB4-11D2-8724-00A0C9A8B90C}") = "TYPSA.ATENEA.Civil.2025", "..\TYPSA.ATENEA.Civil.2025\TYPSA.ATENEA.Civil.2025.vdproj", "{ADE7EC23-D826-829D-CAC6-1AF702A1442B}"
EndProject
Global
	GlobalSection(SolutionConfigurationPlatforms) = preSolution
		2020|Any CPU = 2020|Any CPU
		2021|Any CPU = 2021|Any CPU
		2022|Any CPU = 2022|Any CPU
		2023|Any CPU = 2023|Any CPU
		2024|Any CPU = 2024|Any CPU
		2025|Any CPU = 2025|Any CPU
		Debug|Any CPU = Debug|Any CPU
		Release|Any CPU = Release|Any CPU
	EndGlobalSection
	GlobalSection(ProjectConfigurationPlatforms) = postSolution
		{5C40E114-24C1-4F41-904E-9094E3D09A96}.2020|Any CPU.ActiveCfg = 2020|Any CPU
		{5C40E114-24C1-4F41-904E-9094E3D09A96}.2020|Any CPU.Build.0 = 2020|Any CPU
		{5C40E114-24C1-4F41-904E-9094E3D09A96}.2021|Any CPU.ActiveCfg = 2021|Any CPU
		{5C40E114-24C1-4F41-904E-9094E3D09A96}.2021|Any CPU.Build.0 = 2021|Any CPU
		{5C40E114-24C1-4F41-904E-9094E3D09A96}.2022|Any CPU.ActiveCfg = 2022|Any CPU
		{5C40E114-24C1-4F41-904E-9094E3D09A96}.2022|Any CPU.Build.0 = 2022|Any CPU
		{5C40E114-24C1-4F41-904E-9094E3D09A96}.2023|Any CPU.ActiveCfg = 2023|Any CPU
		{5C40E114-24C1-4F41-904E-9094E3D09A96}.2023|Any CPU.Build.0 = 2023|Any CPU
		{5C40E114-24C1-4F41-904E-9094E3D09A96}.2024|Any CPU.ActiveCfg = 2024|Any CPU
		{5C40E114-24C1-4F41-904E-9094E3D09A96}.2024|Any CPU.Build.0 = 2024|Any CPU
		{5C40E114-24C1-4F41-904E-9094E3D09A96}.2025|Any CPU.ActiveCfg = 2025|Any CPU
		{5C40E114-24C1-4F41-904E-9094E3D09A96}.2025|Any CPU.Build.0 = 2025|Any CPU
		{5C40E114-24C1-4F41-904E-9094E3D09A96}.Debug|Any CPU.ActiveCfg = Debug|Any CPU
		{5C40E114-24C1-4F41-904E-9094E3D09A96}.Debug|Any CPU.Build.0 = Debug|Any CPU
		{5C40E114-24C1-4F41-904E-9094E3D09A96}.Release|Any CPU.ActiveCfg = Release|Any CPU
		{5C40E114-24C1-4F41-904E-9094E3D09A96}.Release|Any CPU.Build.0 = Release|Any CPU
		{EBC38772-93A0-4F36-97BE-D47BA2E37BDA}.2020|Any CPU.ActiveCfg = Release|Any CPU
		{EBC38772-93A0-4F36-97BE-D47BA2E37BDA}.2020|Any CPU.Build.0 = Release|Any CPU
		{EBC38772-93A0-4F36-97BE-D47BA2E37BDA}.2021|Any CPU.ActiveCfg = Release|Any CPU
		{EBC38772-93A0-4F36-97BE-D47BA2E37BDA}.2021|Any CPU.Build.0 = Release|Any CPU
		{EBC38772-93A0-4F36-97BE-D47BA2E37BDA}.2022|Any CPU.ActiveCfg = Release|Any CPU
		{EBC38772-93A0-4F36-97BE-D47BA2E37BDA}.2022|Any CPU.Build.0 = Release|Any CPU
		{EBC38772-93A0-4F36-97BE-D47BA2E37BDA}.2023|Any CPU.ActiveCfg = Release|Any CPU
		{EBC38772-93A0-4F36-97BE-D47BA2E37BDA}.2023|Any CPU.Build.0 = Release|Any CPU
		{EBC38772-93A0-4F36-97BE-D47BA2E37BDA}.2024|Any CPU.ActiveCfg = Release|Any CPU
		{EBC38772-93A0-4F36-97BE-D47BA2E37BDA}.2024|Any CPU.Build.0 = Release|Any CPU
		{EBC38772-93A0-4F36-97BE-D47BA2E37BDA}.2025|Any CPU.ActiveCfg = Release|Any CPU
		{EBC38772-93A0-4F36-97BE-D47BA2E37BDA}.2025|Any CPU.Build.0 = Release|Any CPU
		{EBC38772-93A0-4F36-97BE-D47BA2E37BDA}.Debug|Any CPU.ActiveCfg = Debug|Any CPU
		{EBC38772-93A0-4F36-97BE-D47BA2E37BDA}.Debug|Any CPU.Build.0 = Debug|Any CPU
		{EBC38772-93A0-4F36-97BE-D47BA2E37BDA}.Release|Any CPU.ActiveCfg = Release|Any CPU
		{EBC38772-93A0-4F36-97BE-D47BA2E37BDA}.Release|Any CPU.Build.0 = Release|Any CPU
		{8F836313-B339-4DB6-8A55-AF61386871B4}.2020|Any CPU.ActiveCfg = Release|Any CPU
		{8F836313-B339-4DB6-8A55-AF61386871B4}.2020|Any CPU.Build.0 = Release|Any CPU
		{8F836313-B339-4DB6-8A55-AF61386871B4}.2021|Any CPU.ActiveCfg = Release|Any CPU
		{8F836313-B339-4DB6-8A55-AF61386871B4}.2021|Any CPU.Build.0 = Release|Any CPU
		{8F836313-B339-4DB6-8A55-AF61386871B4}.2022|Any CPU.ActiveCfg = Release|Any CPU
		{8F836313-B339-4DB6-8A55-AF61386871B4}.2022|Any CPU.Build.0 = Release|Any CPU
		{8F836313-B339-4DB6-8A55-AF61386871B4}.2023|Any CPU.ActiveCfg = Release|Any CPU
		{8F836313-B339-4DB6-8A55-AF61386871B4}.2023|Any CPU.Build.0 = Release|Any CPU
		{8F836313-B339-4DB6-8A55-AF61386871B4}.2024|Any CPU.ActiveCfg = Release|Any CPU
		{8F836313-B339-4DB6-8A55-AF61386871B4}.2024|Any CPU.Build.0 = Release|Any CPU
		{8F836313-B339-4DB6-8A55-AF61386871B4}.2025|Any CPU.ActiveCfg = Release|Any CPU
		{8F836313-B339-4DB6-8A55-AF61386871B4}.2025|Any CPU.Build.0 = Release|Any CPU
		{8F836313-B339-4DB6-8A55-AF61386871B4}.Debug|Any CPU.ActiveCfg = Debug|Any CPU
		{8F836313-B339-4DB6-8A55-AF61386871B4}.Debug|Any CPU.Build.0 = Debug|Any CPU
		{8F836313-B339-4DB6-8A55-AF61386871B4}.Release|Any CPU.ActiveCfg = Release|Any CPU
		{8F836313-B339-4DB6-8A55-AF61386871B4}.Release|Any CPU.Build.0 = Release|Any CPU
		{FF31B661-8CE6-420F-8720-F077B273E9C6}.2020|Any CPU.ActiveCfg = Release|Any CPU
		{FF31B661-8CE6-420F-8720-F077B273E9C6}.2020|Any CPU.Build.0 = Release|Any CPU
		{FF31B661-8CE6-420F-8720-F077B273E9C6}.2021|Any CPU.ActiveCfg = Release|Any CPU
		{FF31B661-8CE6-420F-8720-F077B273E9C6}.2021|Any CPU.Build.0 = Release|Any CPU
		{FF31B661-8CE6-420F-8720-F077B273E9C6}.2022|Any CPU.ActiveCfg = Release|Any CPU
		{FF31B661-8CE6-420F-8720-F077B273E9C6}.2022|Any CPU.Build.0 = Release|Any CPU
		{FF31B661-8CE6-420F-8720-F077B273E9C6}.2023|Any CPU.ActiveCfg = Release|Any CPU
		{FF31B661-8CE6-420F-8720-F077B273E9C6}.2023|Any CPU.Build.0 = Release|Any CPU
		{FF31B661-8CE6-420F-8720-F077B273E9C6}.2024|Any CPU.ActiveCfg = Release|Any CPU
		{FF31B661-8CE6-420F-8720-F077B273E9C6}.2024|Any CPU.Build.0 = Release|Any CPU
		{FF31B661-8CE6-420F-8720-F077B273E9C6}.2025|Any CPU.ActiveCfg = Release|Any CPU
		{FF31B661-8CE6-420F-8720-F077B273E9C6}.2025|Any CPU.Build.0 = Release|Any CPU
		{FF31B661-8CE6-420F-8720-F077B273E9C6}.Debug|Any CPU.ActiveCfg = Debug|Any CPU
		{FF31B661-8CE6-420F-8720-F077B273E9C6}.Debug|Any CPU.Build.0 = Debug|Any CPU
		{FF31B661-8CE6-420F-8720-F077B273E9C6}.Release|Any CPU.ActiveCfg = Release|Any CPU
		{FF31B661-8CE6-420F-8720-F077B273E9C6}.Release|Any CPU.Build.0 = Release|Any CPU
		{631B9318-A021-4B24-87F0-3FEC637EAE77}.2020|Any CPU.ActiveCfg = Release|Any CPU
		{631B9318-A021-4B24-87F0-3FEC637EAE77}.2020|Any CPU.Build.0 = Release|Any CPU
		{631B9318-A021-4B24-87F0-3FEC637EAE77}.2021|Any CPU.ActiveCfg = Release|Any CPU
		{631B9318-A021-4B24-87F0-3FEC637EAE77}.2021|Any CPU.Build.0 = Release|Any CPU
		{631B9318-A021-4B24-87F0-3FEC637EAE77}.2022|Any CPU.ActiveCfg = Release|Any CPU
		{631B9318-A021-4B24-87F0-3FEC637EAE77}.2022|Any CPU.Build.0 = Release|Any CPU
		{631B9318-A021-4B24-87F0-3FEC637EAE77}.2023|Any CPU.ActiveCfg = Release|Any CPU
		{631B9318-A021-4B24-87F0-3FEC637EAE77}.2023|Any CPU.Build.0 = Release|Any CPU
		{631B9318-A021-4B24-87F0-3FEC637EAE77}.2024|Any CPU.ActiveCfg = Release|Any CPU
		{631B9318-A021-4B24-87F0-3FEC637EAE77}.2024|Any CPU.Build.0 = Release|Any CPU
		{631B9318-A021-4B24-87F0-3FEC637EAE77}.2025|Any CPU.ActiveCfg = Release|Any CPU
		{631B9318-A021-4B24-87F0-3FEC637EAE77}.2025|Any CPU.Build.0 = Release|Any CPU
		{631B9318-A021-4B24-87F0-3FEC637EAE77}.Debug|Any CPU.ActiveCfg = Debug|Any CPU
		{631B9318-A021-4B24-87F0-3FEC637EAE77}.Debug|Any CPU.Build.0 = Debug|Any CPU
		{631B9318-A021-4B24-87F0-3FEC637EAE77}.Release|Any CPU.ActiveCfg = Release|Any CPU
		{631B9318-A021-4B24-87F0-3FEC637EAE77}.Release|Any CPU.Build.0 = Release|Any CPU
		{755847FF-9F9B-4EF0-85F7-534D02E128A2}.2020|Any CPU.ActiveCfg = Release|Any CPU
		{755847FF-9F9B-4EF0-85F7-534D02E128A2}.2020|Any CPU.Build.0 = Release|Any CPU
		{755847FF-9F9B-4EF0-85F7-534D02E128A2}.2021|Any CPU.ActiveCfg = Release|Any CPU
		{755847FF-9F9B-4EF0-85F7-534D02E128A2}.2021|Any CPU.Build.0 = Release|Any CPU
		{755847FF-9F9B-4EF0-85F7-534D02E128A2}.2022|Any CPU.ActiveCfg = Release|Any CPU
		{755847FF-9F9B-4EF0-85F7-534D02E128A2}.2022|Any CPU.Build.0 = Release|Any CPU
		{755847FF-9F9B-4EF0-85F7-534D02E128A2}.2023|Any CPU.ActiveCfg = Release|Any CPU
		{755847FF-9F9B-4EF0-85F7-534D02E128A2}.2023|Any CPU.Build.0 = Release|Any CPU
		{755847FF-9F9B-4EF0-85F7-534D02E128A2}.2024|Any CPU.ActiveCfg = Release|Any CPU
		{755847FF-9F9B-4EF0-85F7-534D02E128A2}.2024|Any CPU.Build.0 = Release|Any CPU
		{755847FF-9F9B-4EF0-85F7-534D02E128A2}.2025|Any CPU.ActiveCfg = Release|Any CPU
		{755847FF-9F9B-4EF0-85F7-534D02E128A2}.2025|Any CPU.Build.0 = Release|Any CPU
		{755847FF-9F9B-4EF0-85F7-534D02E128A2}.Debug|Any CPU.ActiveCfg = Debug|Any CPU
		{755847FF-9F9B-4EF0-85F7-534D02E128A2}.Debug|Any CPU.Build.0 = Debug|Any CPU
		{755847FF-9F9B-4EF0-85F7-534D02E128A2}.Release|Any CPU.ActiveCfg = Release|Any CPU
		{755847FF-9F9B-4EF0-85F7-534D02E128A2}.Release|Any CPU.Build.0 = Release|Any CPU
		{DB670F85-371E-4BCE-9253-F2BDD6A66DEA}.2020|Any CPU.ActiveCfg = Release|Any CPU
		{DB670F85-371E-4BCE-9253-F2BDD6A66DEA}.2020|Any CPU.Build.0 = Release|Any CPU
		{DB670F85-371E-4BCE-9253-F2BDD6A66DEA}.2021|Any CPU.ActiveCfg = Release|Any CPU
		{DB670F85-371E-4BCE-9253-F2BDD6A66DEA}.2021|Any CPU.Build.0 = Release|Any CPU
		{DB670F85-371E-4BCE-9253-F2BDD6A66DEA}.2022|Any CPU.ActiveCfg = Release|Any CPU
		{DB670F85-371E-4BCE-9253-F2BDD6A66DEA}.2022|Any CPU.Build.0 = Release|Any CPU
		{DB670F85-371E-4BCE-9253-F2BDD6A66DEA}.2023|Any CPU.ActiveCfg = Release|Any CPU
		{DB670F85-371E-4BCE-9253-F2BDD6A66DEA}.2023|Any CPU.Build.0 = Release|Any CPU
		{DB670F85-371E-4BCE-9253-F2BDD6A66DEA}.2024|Any CPU.ActiveCfg = Release|Any CPU
		{DB670F85-371E-4BCE-9253-F2BDD6A66DEA}.2024|Any CPU.Build.0 = Release|Any CPU
		{DB670F85-371E-4BCE-9253-F2BDD6A66DEA}.2025|Any CPU.ActiveCfg = Release|Any CPU
		{DB670F85-371E-4BCE-9253-F2BDD6A66DEA}.2025|Any CPU.Build.0 = Release|Any CPU
		{DB670F85-371E-4BCE-9253-F2BDD6A66DEA}.Debug|Any CPU.ActiveCfg = Debug|Any CPU
		{DB670F85-371E-4BCE-9253-F2BDD6A66DEA}.Debug|Any CPU.Build.0 = Debug|Any CPU
		{DB670F85-371E-4BCE-9253-F2BDD6A66DEA}.Release|Any CPU.ActiveCfg = Release|Any CPU
		{DB670F85-371E-4BCE-9253-F2BDD6A66DEA}.Release|Any CPU.Build.0 = Release|Any CPU
		{579662E6-9EB6-4206-8E63-B5129C134D8E}.2020|Any CPU.ActiveCfg = 2020|Any CPU
		{579662E6-9EB6-4206-8E63-B5129C134D8E}.2020|Any CPU.Build.0 = 2020|Any CPU
		{579662E6-9EB6-4206-8E63-B5129C134D8E}.2021|Any CPU.ActiveCfg = Release|Any CPU
		{579662E6-9EB6-4206-8E63-B5129C134D8E}.2021|Any CPU.Build.0 = Release|Any CPU
		{579662E6-9EB6-4206-8E63-B5129C134D8E}.2022|Any CPU.ActiveCfg = Release|Any CPU
		{579662E6-9EB6-4206-8E63-B5129C134D8E}.2022|Any CPU.Build.0 = Release|Any CPU
		{579662E6-9EB6-4206-8E63-B5129C134D8E}.2023|Any CPU.ActiveCfg = Release|Any CPU
		{579662E6-9EB6-4206-8E63-B5129C134D8E}.2023|Any CPU.Build.0 = Release|Any CPU
		{579662E6-9EB6-4206-8E63-B5129C134D8E}.2024|Any CPU.ActiveCfg = Release|Any CPU
		{579662E6-9EB6-4206-8E63-B5129C134D8E}.2024|Any CPU.Build.0 = Release|Any CPU
		{579662E6-9EB6-4206-8E63-B5129C134D8E}.2025|Any CPU.ActiveCfg = Release|Any CPU
		{579662E6-9EB6-4206-8E63-B5129C134D8E}.2025|Any CPU.Build.0 = Release|Any CPU
		{579662E6-9EB6-4206-8E63-B5129C134D8E}.Debug|Any CPU.ActiveCfg = Debug|Any CPU
		{579662E6-9EB6-4206-8E63-B5129C134D8E}.Debug|Any CPU.Build.0 = Debug|Any CPU
		{579662E6-9EB6-4206-8E63-B5129C134D8E}.Release|Any CPU.ActiveCfg = Release|Any CPU
		{579662E6-9EB6-4206-8E63-B5129C134D8E}.Release|Any CPU.Build.0 = Release|Any CPU
		{B5A7CC07-7467-4368-8FEA-4D208F003108}.2020|Any CPU.ActiveCfg = Release|Any CPU
		{B5A7CC07-7467-4368-8FEA-4D208F003108}.2020|Any CPU.Build.0 = Release|Any CPU
		{B5A7CC07-7467-4368-8FEA-4D208F003108}.2021|Any CPU.ActiveCfg = 2021|Any CPU
		{B5A7CC07-7467-4368-8FEA-4D208F003108}.2021|Any CPU.Build.0 = 2021|Any CPU
		{B5A7CC07-7467-4368-8FEA-4D208F003108}.2022|Any CPU.ActiveCfg = Release|Any CPU
		{B5A7CC07-7467-4368-8FEA-4D208F003108}.2022|Any CPU.Build.0 = Release|Any CPU
		{B5A7CC07-7467-4368-8FEA-4D208F003108}.2023|Any CPU.ActiveCfg = Release|Any CPU
		{B5A7CC07-7467-4368-8FEA-4D208F003108}.2023|Any CPU.Build.0 = Release|Any CPU
		{B5A7CC07-7467-4368-8FEA-4D208F003108}.2024|Any CPU.ActiveCfg = Release|Any CPU
		{B5A7CC07-7467-4368-8FEA-4D208F003108}.2024|Any CPU.Build.0 = Release|Any CPU
		{B5A7CC07-7467-4368-8FEA-4D208F003108}.2025|Any CPU.ActiveCfg = Release|Any CPU
		{B5A7CC07-7467-4368-8FEA-4D208F003108}.2025|Any CPU.Build.0 = Release|Any CPU
		{B5A7CC07-7467-4368-8FEA-4D208F003108}.Debug|Any CPU.ActiveCfg = Debug|Any CPU
		{B5A7CC07-7467-4368-8FEA-4D208F003108}.Debug|Any CPU.Build.0 = Debug|Any CPU
		{B5A7CC07-7467-4368-8FEA-4D208F003108}.Release|Any CPU.ActiveCfg = Release|Any CPU
		{B5A7CC07-7467-4368-8FEA-4D208F003108}.Release|Any CPU.Build.0 = Release|Any CPU
		{43CD7E32-B97B-4C18-857F-8A8311AA74B8}.2020|Any CPU.ActiveCfg = Release|Any CPU
		{43CD7E32-B97B-4C18-857F-8A8311AA74B8}.2020|Any CPU.Build.0 = Release|Any CPU
		{43CD7E32-B97B-4C18-857F-8A8311AA74B8}.2021|Any CPU.ActiveCfg = Release|Any CPU
		{43CD7E32-B97B-4C18-857F-8A8311AA74B8}.2021|Any CPU.Build.0 = Release|Any CPU
		{43CD7E32-B97B-4C18-857F-8A8311AA74B8}.2022|Any CPU.ActiveCfg = Release|Any CPU
		{43CD7E32-B97B-4C18-857F-8A8311AA74B8}.2022|Any CPU.Build.0 = Release|Any CPU
		{43CD7E32-B97B-4C18-857F-8A8311AA74B8}.2023|Any CPU.ActiveCfg = 2023|Any CPU
		{43CD7E32-B97B-4C18-857F-8A8311AA74B8}.2023|Any CPU.Build.0 = 2023|Any CPU
		{43CD7E32-B97B-4C18-857F-8A8311AA74B8}.2024|Any CPU.ActiveCfg = Release|Any CPU
		{43CD7E32-B97B-4C18-857F-8A8311AA74B8}.2024|Any CPU.Build.0 = Release|Any CPU
		{43CD7E32-B97B-4C18-857F-8A8311AA74B8}.2025|Any CPU.ActiveCfg = Release|Any CPU
		{43CD7E32-B97B-4C18-857F-8A8311AA74B8}.2025|Any CPU.Build.0 = Release|Any CPU
		{43CD7E32-B97B-4C18-857F-8A8311AA74B8}.Debug|Any CPU.ActiveCfg = Debug|Any CPU
		{43CD7E32-B97B-4C18-857F-8A8311AA74B8}.Debug|Any CPU.Build.0 = Debug|Any CPU
		{43CD7E32-B97B-4C18-857F-8A8311AA74B8}.Release|Any CPU.ActiveCfg = Release|Any CPU
		{43CD7E32-B97B-4C18-857F-8A8311AA74B8}.Release|Any CPU.Build.0 = Release|Any CPU
		{62A460EF-5668-4117-BC81-B92E31DE7DB6}.2020|Any CPU.ActiveCfg = Release|Any CPU
		{62A460EF-5668-4117-BC81-B92E31DE7DB6}.2020|Any CPU.Build.0 = Release|Any CPU
		{62A460EF-5668-4117-BC81-B92E31DE7DB6}.2021|Any CPU.ActiveCfg = Release|Any CPU
		{62A460EF-5668-4117-BC81-B92E31DE7DB6}.2021|Any CPU.Build.0 = Release|Any CPU
		{62A460EF-5668-4117-BC81-B92E31DE7DB6}.2022|Any CPU.ActiveCfg = Release|Any CPU
		{62A460EF-5668-4117-BC81-B92E31DE7DB6}.2022|Any CPU.Build.0 = Release|Any CPU
		{62A460EF-5668-4117-BC81-B92E31DE7DB6}.2023|Any CPU.ActiveCfg = Release|Any CPU
		{62A460EF-5668-4117-BC81-B92E31DE7DB6}.2023|Any CPU.Build.0 = Release|Any CPU
		{62A460EF-5668-4117-BC81-B92E31DE7DB6}.2024|Any CPU.ActiveCfg = Release|Any CPU
		{62A460EF-5668-4117-BC81-B92E31DE7DB6}.2024|Any CPU.Build.0 = Release|Any CPU
		{62A460EF-5668-4117-BC81-B92E31DE7DB6}.2025|Any CPU.ActiveCfg = 2025|Any CPU
		{62A460EF-5668-4117-BC81-B92E31DE7DB6}.2025|Any CPU.Build.0 = 2025|Any CPU
		{62A460EF-5668-4117-BC81-B92E31DE7DB6}.Debug|Any CPU.ActiveCfg = Debug|Any CPU
		{62A460EF-5668-4117-BC81-B92E31DE7DB6}.Debug|Any CPU.Build.0 = Debug|Any CPU
		{62A460EF-5668-4117-BC81-B92E31DE7DB6}.Release|Any CPU.ActiveCfg = Release|Any CPU
		{62A460EF-5668-4117-BC81-B92E31DE7DB6}.Release|Any CPU.Build.0 = Release|Any CPU
		{80066AF0-DF2F-5494-401D-98F2BFAD4194}.2020|Any CPU.ActiveCfg = Release|Any CPU
		{80066AF0-DF2F-5494-401D-98F2BFAD4194}.2020|Any CPU.Build.0 = Release|Any CPU
		{80066AF0-DF2F-5494-401D-98F2BFAD4194}.2021|Any CPU.ActiveCfg = Release|Any CPU
		{80066AF0-DF2F-5494-401D-98F2BFAD4194}.2021|Any CPU.Build.0 = Release|Any CPU
		{80066AF0-DF2F-5494-401D-98F2BFAD4194}.2022|Any CPU.ActiveCfg = Release|Any CPU
		{80066AF0-DF2F-5494-401D-98F2BFAD4194}.2022|Any CPU.Build.0 = Release|Any CPU
		{80066AF0-DF2F-5494-401D-98F2BFAD4194}.2023|Any CPU.ActiveCfg = Release|Any CPU
		{80066AF0-DF2F-5494-401D-98F2BFAD4194}.2023|Any CPU.Build.0 = Release|Any CPU
		{80066AF0-DF2F-5494-401D-98F2BFAD4194}.2024|Any CPU.ActiveCfg = Release|Any CPU
		{80066AF0-DF2F-5494-401D-98F2BFAD4194}.2024|Any CPU.Build.0 = Release|Any CPU
		{80066AF0-DF2F-5494-401D-98F2BFAD4194}.2025|Any CPU.ActiveCfg = Release|Any CPU
		{80066AF0-DF2F-5494-401D-98F2BFAD4194}.2025|Any CPU.Build.0 = Release|Any CPU
		{80066AF0-DF2F-5494-401D-98F2BFAD4194}.Debug|Any CPU.ActiveCfg = Debug|Any CPU
		{80066AF0-DF2F-5494-401D-98F2BFAD4194}.Debug|Any CPU.Build.0 = Debug|Any CPU
		{80066AF0-DF2F-5494-401D-98F2BFAD4194}.Release|Any CPU.ActiveCfg = Release|Any CPU
		{80066AF0-DF2F-5494-401D-98F2BFAD4194}.Release|Any CPU.Build.0 = Release|Any CPU
		{01253B33-A840-4E03-8E6F-C616F7E2E515}.2020|Any CPU.ActiveCfg = Release|Any CPU
		{01253B33-A840-4E03-8E6F-C616F7E2E515}.2020|Any CPU.Build.0 = Release|Any CPU
		{01253B33-A840-4E03-8E6F-C616F7E2E515}.2021|Any CPU.ActiveCfg = Release|Any CPU
		{01253B33-A840-4E03-8E6F-C616F7E2E515}.2021|Any CPU.Build.0 = Release|Any CPU
		{01253B33-A840-4E03-8E6F-C616F7E2E515}.2022|Any CPU.ActiveCfg = 2022|Any CPU
		{01253B33-A840-4E03-8E6F-C616F7E2E515}.2022|Any CPU.Build.0 = 2022|Any CPU
		{01253B33-A840-4E03-8E6F-C616F7E2E515}.2023|Any CPU.ActiveCfg = Release|Any CPU
		{01253B33-A840-4E03-8E6F-C616F7E2E515}.2023|Any CPU.Build.0 = Release|Any CPU
		{01253B33-A840-4E03-8E6F-C616F7E2E515}.2024|Any CPU.ActiveCfg = Release|Any CPU
		{01253B33-A840-4E03-8E6F-C616F7E2E515}.2024|Any CPU.Build.0 = Release|Any CPU
		{01253B33-A840-4E03-8E6F-C616F7E2E515}.2025|Any CPU.ActiveCfg = Release|Any CPU
		{01253B33-A840-4E03-8E6F-C616F7E2E515}.2025|Any CPU.Build.0 = Release|Any CPU
		{01253B33-A840-4E03-8E6F-C616F7E2E515}.Debug|Any CPU.ActiveCfg = Debug|Any CPU
		{01253B33-A840-4E03-8E6F-C616F7E2E515}.Debug|Any CPU.Build.0 = Debug|Any CPU
		{01253B33-A840-4E03-8E6F-C616F7E2E515}.Release|Any CPU.ActiveCfg = Release|Any CPU
		{01253B33-A840-4E03-8E6F-C616F7E2E515}.Release|Any CPU.Build.0 = Release|Any CPU
		{CAC79CF8-1906-4E3D-B542-CAC922E592AA}.2020|Any CPU.ActiveCfg = Release|Any CPU
		{CAC79CF8-1906-4E3D-B542-CAC922E592AA}.2020|Any CPU.Build.0 = Release|Any CPU
		{CAC79CF8-1906-4E3D-B542-CAC922E592AA}.2021|Any CPU.ActiveCfg = Release|Any CPU
		{CAC79CF8-1906-4E3D-B542-CAC922E592AA}.2021|Any CPU.Build.0 = Release|Any CPU
		{CAC79CF8-1906-4E3D-B542-CAC922E592AA}.2022|Any CPU.ActiveCfg = Release|Any CPU
		{CAC79CF8-1906-4E3D-B542-CAC922E592AA}.2022|Any CPU.Build.0 = Release|Any CPU
		{CAC79CF8-1906-4E3D-B542-CAC922E592AA}.2023|Any CPU.ActiveCfg = Release|Any CPU
		{CAC79CF8-1906-4E3D-B542-CAC922E592AA}.2023|Any CPU.Build.0 = Release|Any CPU
		{CAC79CF8-1906-4E3D-B542-CAC922E592AA}.2024|Any CPU.ActiveCfg = 2024|Any CPU
		{CAC79CF8-1906-4E3D-B542-CAC922E592AA}.2024|Any CPU.Build.0 = 2024|Any CPU
		{CAC79CF8-1906-4E3D-B542-CAC922E592AA}.2025|Any CPU.ActiveCfg = Release|Any CPU
		{CAC79CF8-1906-4E3D-B542-CAC922E592AA}.2025|Any CPU.Build.0 = Release|Any CPU
		{CAC79CF8-1906-4E3D-B542-CAC922E592AA}.Debug|Any CPU.ActiveCfg = Debug|Any CPU
		{CAC79CF8-1906-4E3D-B542-CAC922E592AA}.Debug|Any CPU.Build.0 = Debug|Any CPU
		{CAC79CF8-1906-4E3D-B542-CAC922E592AA}.Release|Any CPU.ActiveCfg = Release|Any CPU
		{CAC79CF8-1906-4E3D-B542-CAC922E592AA}.Release|Any CPU.Build.0 = Release|Any CPU
		{EB1FDDC9-F7DF-4453-B518-52F2E28B1514}.2020|Any CPU.ActiveCfg = 2020|Any CPU
		{EB1FDDC9-F7DF-4453-B518-52F2E28B1514}.2020|Any CPU.Build.0 = 2020|Any CPU
		{EB1FDDC9-F7DF-4453-B518-52F2E28B1514}.2021|Any CPU.ActiveCfg = 2021|Any CPU
		{EB1FDDC9-F7DF-4453-B518-52F2E28B1514}.2021|Any CPU.Build.0 = 2021|Any CPU
		{EB1FDDC9-F7DF-4453-B518-52F2E28B1514}.2022|Any CPU.ActiveCfg = 2022|Any CPU
		{EB1FDDC9-F7DF-4453-B518-52F2E28B1514}.2022|Any CPU.Build.0 = 2022|Any CPU
		{EB1FDDC9-F7DF-4453-B518-52F2E28B1514}.2023|Any CPU.ActiveCfg = 2023|Any CPU
		{EB1FDDC9-F7DF-4453-B518-52F2E28B1514}.2023|Any CPU.Build.0 = 2023|Any CPU
		{EB1FDDC9-F7DF-4453-B518-52F2E28B1514}.2024|Any CPU.ActiveCfg = 2024|Any CPU
		{EB1FDDC9-F7DF-4453-B518-52F2E28B1514}.2024|Any CPU.Build.0 = 2024|Any CPU
		{EB1FDDC9-F7DF-4453-B518-52F2E28B1514}.2025|Any CPU.ActiveCfg = 2025|Any CPU
		{EB1FDDC9-F7DF-4453-B518-52F2E28B1514}.2025|Any CPU.Build.0 = 2025|Any CPU
		{EB1FDDC9-F7DF-4453-B518-52F2E28B1514}.Debug|Any CPU.ActiveCfg = Debug|Any CPU
		{EB1FDDC9-F7DF-4453-B518-52F2E28B1514}.Debug|Any CPU.Build.0 = Debug|Any CPU
		{EB1FDDC9-F7DF-4453-B518-52F2E28B1514}.Release|Any CPU.ActiveCfg = Release|Any CPU
		{EB1FDDC9-F7DF-4453-B518-52F2E28B1514}.Release|Any CPU.Build.0 = Release|Any CPU
		{8BC0D0C3-0C4D-D14E-88DD-61D6EE090EB6}.2020|Any CPU.ActiveCfg = Debug
		{8BC0D0C3-0C4D-D14E-88DD-61D6EE090EB6}.2021|Any CPU.ActiveCfg = Debug
		{8BC0D0C3-0C4D-D14E-88DD-61D6EE090EB6}.2022|Any CPU.ActiveCfg = Debug
		{8BC0D0C3-0C4D-D14E-88DD-61D6EE090EB6}.2023|Any CPU.ActiveCfg = Debug
		{8BC0D0C3-0C4D-D14E-88DD-61D6EE090EB6}.2024|Any CPU.ActiveCfg = Debug
		{8BC0D0C3-0C4D-D14E-88DD-61D6EE090EB6}.2025|Any CPU.ActiveCfg = Debug
		{8BC0D0C3-0C4D-D14E-88DD-61D6EE090EB6}.Debug|Any CPU.ActiveCfg = Debug
		{8BC0D0C3-0C4D-D14E-88DD-61D6EE090EB6}.Release|Any CPU.ActiveCfg = Release
		{22465163-E3E7-EE41-93E5-A3DB7EA37C3D}.2020|Any CPU.ActiveCfg = Debug
		{22465163-E3E7-EE41-93E5-A3DB7EA37C3D}.2021|Any CPU.ActiveCfg = Debug
		{22465163-E3E7-EE41-93E5-A3DB7EA37C3D}.2022|Any CPU.ActiveCfg = Debug
		{22465163-E3E7-EE41-93E5-A3DB7EA37C3D}.2023|Any CPU.ActiveCfg = Debug
		{22465163-E3E7-EE41-93E5-A3DB7EA37C3D}.2024|Any CPU.ActiveCfg = Debug
		{22465163-E3E7-EE41-93E5-A3DB7EA37C3D}.2025|Any CPU.ActiveCfg = Debug
		{22465163-E3E7-EE41-93E5-A3DB7EA37C3D}.Debug|Any CPU.ActiveCfg = Debug
		{22465163-E3E7-EE41-93E5-A3DB7EA37C3D}.Release|Any CPU.ActiveCfg = Release
		{6ED61208-A3BB-A9E1-77BD-3E2072AE4BBA}.2020|Any CPU.ActiveCfg = Debug
		{6ED61208-A3BB-A9E1-77BD-3E2072AE4BBA}.2021|Any CPU.ActiveCfg = Debug
		{6ED61208-A3BB-A9E1-77BD-3E2072AE4BBA}.2022|Any CPU.ActiveCfg = Debug
		{6ED61208-A3BB-A9E1-77BD-3E2072AE4BBA}.2023|Any CPU.ActiveCfg = Debug
		{6ED61208-A3BB-A9E1-77BD-3E2072AE4BBA}.2024|Any CPU.ActiveCfg = Debug
		{6ED61208-A3BB-A9E1-77BD-3E2072AE4BBA}.2025|Any CPU.ActiveCfg = Debug
		{6ED61208-A3BB-A9E1-77BD-3E2072AE4BBA}.Debug|Any CPU.ActiveCfg = Debug
		{6ED61208-A3BB-A9E1-77BD-3E2072AE4BBA}.Release|Any CPU.ActiveCfg = Release
		{1F7636EC-5221-C6B9-6E34-8F17B72A101E}.2020|Any CPU.ActiveCfg = Debug
		{1F7636EC-5221-C6B9-6E34-8F17B72A101E}.2021|Any CPU.ActiveCfg = Debug
		{1F7636EC-5221-C6B9-6E34-8F17B72A101E}.2022|Any CPU.ActiveCfg = Debug
		{1F7636EC-5221-C6B9-6E34-8F17B72A101E}.2023|Any CPU.ActiveCfg = Debug
		{1F7636EC-5221-C6B9-6E34-8F17B72A101E}.2024|Any CPU.ActiveCfg = Debug
		{1F7636EC-5221-C6B9-6E34-8F17B72A101E}.2025|Any CPU.ActiveCfg = Debug
		{1F7636EC-5221-C6B9-6E34-8F17B72A101E}.Debug|Any CPU.ActiveCfg = Debug
		{1F7636EC-5221-C6B9-6E34-8F17B72A101E}.Release|Any CPU.ActiveCfg = Release
		{961612E5-D07F-FC70-70A2-FE45B9E7328E}.2020|Any CPU.ActiveCfg = Debug
		{961612E5-D07F-FC70-70A2-FE45B9E7328E}.2021|Any CPU.ActiveCfg = Debug
		{961612E5-D07F-FC70-70A2-FE45B9E7328E}.2022|Any CPU.ActiveCfg = Debug
		{961612E5-D07F-FC70-70A2-FE45B9E7328E}.2023|Any CPU.ActiveCfg = Debug
		{961612E5-D07F-FC70-70A2-FE45B9E7328E}.2024|Any CPU.ActiveCfg = Debug
		{961612E5-D07F-FC70-70A2-FE45B9E7328E}.2025|Any CPU.ActiveCfg = Debug
		{961612E5-D07F-FC70-70A2-FE45B9E7328E}.Debug|Any CPU.ActiveCfg = Debug
		{961612E5-D07F-FC70-70A2-FE45B9E7328E}.Release|Any CPU.ActiveCfg = Release
		{606EC845-E1ED-541F-6707-A4CD1AAE3F5F}.2020|Any CPU.ActiveCfg = Debug
		{606EC845-E1ED-541F-6707-A4CD1AAE3F5F}.2021|Any CPU.ActiveCfg = Debug
		{606EC845-E1ED-541F-6707-A4CD1AAE3F5F}.2022|Any CPU.ActiveCfg = Debug
		{606EC845-E1ED-541F-6707-A4CD1AAE3F5F}.2023|Any CPU.ActiveCfg = Debug
		{606EC845-E1ED-541F-6707-A4CD1AAE3F5F}.2024|Any CPU.ActiveCfg = Debug
		{606EC845-E1ED-541F-6707-A4CD1AAE3F5F}.2025|Any CPU.ActiveCfg = Debug
		{606EC845-E1ED-541F-6707-A4CD1AAE3F5F}.Debug|Any CPU.ActiveCfg = Debug
		{606EC845-E1ED-541F-6707-A4CD1AAE3F5F}.Release|Any CPU.ActiveCfg = Release
		{ADE7EC23-D826-829D-CAC6-1AF702A1442B}.2020|Any CPU.ActiveCfg = Debug
		{ADE7EC23-D826-829D-CAC6-1AF702A1442B}.2021|Any CPU.ActiveCfg = Debug
		{ADE7EC23-D826-829D-CAC6-1AF702A1442B}.2022|Any CPU.ActiveCfg = Debug
		{ADE7EC23-D826-829D-CAC6-1AF702A1442B}.2023|Any CPU.ActiveCfg = Debug
		{ADE7EC23-D826-829D-CAC6-1AF702A1442B}.2024|Any CPU.ActiveCfg = Debug
		{ADE7EC23-D826-829D-CAC6-1AF702A1442B}.2025|Any CPU.ActiveCfg = Debug
		{ADE7EC23-D826-829D-CAC6-1AF702A1442B}.Debug|Any CPU.ActiveCfg = Debug
		{ADE7EC23-D826-829D-CAC6-1AF702A1442B}.Release|Any CPU.ActiveCfg = Release
	EndGlobalSection
	GlobalSection(SolutionProperties) = preSolution
		HideSolutionNode = FALSE
	EndGlobalSection
	GlobalSection(ExtensibilityGlobals) = postSolution
		SolutionGuid = {FF4AC644-0709-4A61-8B4C-21FA61D19AFD}
	EndGlobalSection
EndGlobal
